
Microsoft Visual Studio Solution File, Format Version 12.00
# Visual Studio Version 17
VisualStudioVersion = 17.0.31903.59
MinimumVisualStudioVersion = 10.0.40219.1
Project("{2150E333-8FDC-42A3-9474-1A3956D46DE8}") = "src", "src", "{C58B56F5-1C9D-413F-8AD9-439C38DF6319}"
EndProject
Project("{FAE04EC0-301F-11D3-BF4B-00C04F79EFBC}") = "SampleDDD.Domain", "src\Domain\SampleDDD.Domain.csproj", "{175715A5-4C49-4721-9CEB-BEDA64FAE644}"
EndProject
Project("{FAE04EC0-301F-11D3-BF4B-00C04F79EFBC}") = "SampleDDD.Application", "src\Application\SampleDDD.Application.csproj", "{E8EDC96E-F102-4AB1-BC7D-6A278EDA7D29}"
EndProject
Project("{FAE04EC0-301F-11D3-BF4B-00C04F79EFBC}") = "SampleDDD.Infrastructure", "src\Infrastructure\SampleDDD.Infrastructure.csproj", "{D7722D98-E2B6-4DF4-8312-7288A2B043C6}"
EndProject
Project("{FAE04EC0-301F-11D3-BF4B-00C04F79EFBC}") = "SampleDDD.WebApi", "src\WebApi\SampleDDD.WebApi.csproj", "{A60A5594-5EFF-470C-B2DD-4ECAA9D0E80F}"
EndProject
Global
	GlobalSection(SolutionConfigurationPlatforms) = preSolution
		Debug|Any CPU = Debug|Any CPU
		Release|Any CPU = Release|Any CPU
	EndGlobalSection
	GlobalSection(SolutionProperties) = preSolution
		HideSolutionNode = FALSE
	EndGlobalSection
	GlobalSection(ProjectConfigurationPlatforms) = postSolution
		{175715A5-4C49-4721-9CEB-BEDA64FAE644}.Debug|Any CPU.ActiveCfg = Debug|Any CPU
		{175715A5-4C49-4721-9CEB-BEDA64FAE644}.Debug|Any CPU.Build.0 = Debug|Any CPU
		{175715A5-4C49-4721-9CEB-BEDA64FAE644}.Release|Any CPU.ActiveCfg = Release|Any CPU
		{175715A5-4C49-4721-9CEB-BEDA64FAE644}.Release|Any CPU.Build.0 = Release|Any CPU
		{E8EDC96E-F102-4AB1-BC7D-6A278EDA7D29}.Debug|Any CPU.ActiveCfg = Debug|Any CPU
		{E8EDC96E-F102-4AB1-BC7D-6A278EDA7D29}.Debug|Any CPU.Build.0 = Debug|Any CPU
		{E8EDC96E-F102-4AB1-BC7D-6A278EDA7D29}.Release|Any CPU.ActiveCfg = Release|Any CPU
		{E8EDC96E-F102-4AB1-BC7D-6A278EDA7D29}.Release|Any CPU.Build.0 = Release|Any CPU
		{D7722D98-E2B6-4DF4-8312-7288A2B043C6}.Debug|Any CPU.ActiveCfg = Debug|Any CPU
		{D7722D98-E2B6-4DF4-8312-7288A2B043C6}.Debug|Any CPU.Build.0 = Debug|Any CPU
		{D7722D98-E2B6-4DF4-8312-7288A2B043C6}.Release|Any CPU.ActiveCfg = Release|Any CPU
		{D7722D98-E2B6-4DF4-8312-7288A2B043C6}.Release|Any CPU.Build.0 = Release|Any CPU
		{A60A5594-5EFF-470C-B2DD-4ECAA9D0E80F}.Debug|Any CPU.ActiveCfg = Debug|Any CPU
		{A60A5594-5EFF-470C-B2DD-4ECAA9D0E80F}.Debug|Any CPU.Build.0 = Debug|Any CPU
		{A60A5594-5EFF-470C-B2DD-4ECAA9D0E80F}.Release|Any CPU.ActiveCfg = Release|Any CPU
		{A60A5594-5EFF-470C-B2DD-4ECAA9D0E80F}.Release|Any CPU.Build.0 = Release|Any CPU
	EndGlobalSection
	GlobalSection(NestedProjects) = preSolution
		{175715A5-4C49-4721-9CEB-BEDA64FAE644} = {C58B56F5-1C9D-413F-8AD9-439C38DF6319}
		{E8EDC96E-F102-4AB1-BC7D-6A278EDA7D29} = {C58B56F5-1C9D-413F-8AD9-439C38DF6319}
		{D7722D98-E2B6-4DF4-8312-7288A2B043C6} = {C58B56F5-1C9D-413F-8AD9-439C38DF6319}
		{A60A5594-5EFF-470C-B2DD-4ECAA9D0E80F} = {C58B56F5-1C9D-413F-8AD9-439C38DF6319}
	EndGlobalSection
EndGlobal
